
Microsoft Visual Studio Solution File, Format Version 12.00
# Visual Studio 2012
Project("{FAE04EC0-301F-11D3-BF4B-00C04F79EFBC}") = "Snake", "Snake\Snake.csproj", "{AE0126DE-3EF2-4C41-8F32-9AC695A8B95D}"
EndProject
Global
	GlobalSection(SolutionConfigurationPlatforms) = preSolution
		Debug|Any CPU = Debug|Any CPU
		Release|Any CPU = Release|Any CPU
	EndGlobalSection
	GlobalSection(ProjectConfigurationPlatforms) = postSolution
		{AE0126DE-3EF2-4C41-8F32-9AC695A8B95D}.Debug|Any CPU.ActiveCfg = Debug|Any CPU
		{AE0126DE-3EF2-4C41-8F32-9AC695A8B95D}.Debug|Any CPU.Build.0 = Debug|Any CPU
		{AE0126DE-3EF2-4C41-8F32-9AC695A8B95D}.Release|Any CPU.ActiveCfg = Release|Any CPU
		{AE0126DE-3EF2-4C41-8F32-9AC695A8B95D}.Release|Any CPU.Build.0 = Release|Any CPU
	EndGlobalSection
	GlobalSection(SolutionProperties) = preSolution
		HideSolutionNode = FALSE
	EndGlobalSection
EndGlobal
