
Microsoft Visual Studio Solution File, Format Version 12.00
# Visual Studio 2012
Project("{FAE04EC0-301F-11D3-BF4B-00C04F79EFBC}") = "Burbuja", "Burbuja\Burbuja.csproj", "{A03056B1-725B-4811-A69E-D9C91AFD4F2C}"
EndProject
Global
	GlobalSection(SolutionConfigurationPlatforms) = preSolution
		Debug|Any CPU = Debug|Any CPU
		Release|Any CPU = Release|Any CPU
	EndGlobalSection
	GlobalSection(ProjectConfigurationPlatforms) = postSolution
		{A03056B1-725B-4811-A69E-D9C91AFD4F2C}.Debug|Any CPU.ActiveCfg = Debug|Any CPU
		{A03056B1-725B-4811-A69E-D9C91AFD4F2C}.Debug|Any CPU.Build.0 = Debug|Any CPU
		{A03056B1-725B-4811-A69E-D9C91AFD4F2C}.Release|Any CPU.ActiveCfg = Release|Any CPU
		{A03056B1-725B-4811-A69E-D9C91AFD4F2C}.Release|Any CPU.Build.0 = Release|Any CPU
	EndGlobalSection
	GlobalSection(SolutionProperties) = preSolution
		HideSolutionNode = FALSE
	EndGlobalSection
EndGlobal
